
Microsoft Visual Studio Solution File, Format Version 12.00
# Visual Studio 15
VisualStudioVersion = 15.0.28307.438
MinimumVisualStudioVersion = 10.0.40219.1
Project("{8BC9CEB8-8B4A-11D0-8D11-00A0C91BC942}") = "a", "a\a.vcxproj", "{2F8DC396-978A-4FC5-B49C-6C623E7CDD27}"
EndProject
Project("{8BC9CEB8-8B4A-11D0-8D11-00A0C91BC942}") = "maximalcontinuousrest", "maximalcontinuousrest\maximalcontinuousrest.vcxproj", "{CF637077-E047-4E99-A18A-1A60B847D502}"
EndProject
Global
	GlobalSection(SolutionConfigurationPlatforms) = preSolution
		Debug|x64 = Debug|x64
		Debug|x86 = Debug|x86
		Release|x64 = Release|x64
		Release|x86 = Release|x86
	EndGlobalSection
	GlobalSection(ProjectConfigurationPlatforms) = postSolution
		{2F8DC396-978A-4FC5-B49C-6C623E7CDD27}.Debug|x64.ActiveCfg = Debug|x64
		{2F8DC396-978A-4FC5-B49C-6C623E7CDD27}.Debug|x64.Build.0 = Debug|x64
		{2F8DC396-978A-4FC5-B49C-6C623E7CDD27}.Debug|x86.ActiveCfg = Debug|Win32
		{2F8DC396-978A-4FC5-B49C-6C623E7CDD27}.Debug|x86.Build.0 = Debug|Win32
		{2F8DC396-978A-4FC5-B49C-6C623E7CDD27}.Release|x64.ActiveCfg = Release|x64
		{2F8DC396-978A-4FC5-B49C-6C623E7CDD27}.Release|x64.Build.0 = Release|x64
		{2F8DC396-978A-4FC5-B49C-6C623E7CDD27}.Release|x86.ActiveCfg = Release|Win32
		{2F8DC396-978A-4FC5-B49C-6C623E7CDD27}.Release|x86.Build.0 = Release|Win32
		{CF637077-E047-4E99-A18A-1A60B847D502}.Debug|x64.ActiveCfg = Debug|x64
		{CF637077-E047-4E99-A18A-1A60B847D502}.Debug|x64.Build.0 = Debug|x64
		{CF637077-E047-4E99-A18A-1A60B847D502}.Debug|x86.ActiveCfg = Debug|Win32
		{CF637077-E047-4E99-A18A-1A60B847D502}.Debug|x86.Build.0 = Debug|Win32
		{CF637077-E047-4E99-A18A-1A60B847D502}.Release|x64.ActiveCfg = Release|x64
		{CF637077-E047-4E99-A18A-1A60B847D502}.Release|x64.Build.0 = Release|x64
		{CF637077-E047-4E99-A18A-1A60B847D502}.Release|x86.ActiveCfg = Release|Win32
		{CF637077-E047-4E99-A18A-1A60B847D502}.Release|x86.Build.0 = Release|Win32
	EndGlobalSection
	GlobalSection(SolutionProperties) = preSolution
		HideSolutionNode = FALSE
	EndGlobalSection
	GlobalSection(ExtensibilityGlobals) = postSolution
		SolutionGuid = {CC6BADDA-A2FD-4A2E-99F0-F79FDA15EC6C}
	EndGlobalSection
EndGlobal
